// !$*UTF8*$!
{
	archiveVersion = 1;
	classes = {
	};
	objectVersion = 46;
	objects = {

/* Begin PBXBuildFile section */
		6B019CCF19D398AF00E8B1E3 /* main.m in Sources */ = {isa = PBXBuildFile; fileRef = 6B019CCE19D398AF00E8B1E3 /* main.m */; };
		6B019CD219D398AF00E8B1E3 /* AppDelegate.m in Sources */ = {isa = PBXBuildFile; fileRef = 6B019CD119D398AF00E8B1E3 /* AppDelegate.m */; };
		6B019CD819D398AF00E8B1E3 /* Main.storyboard in Resources */ = {isa = PBXBuildFile; fileRef = 6B019CD619D398AF00E8B1E3 /* Main.storyboard */; };
		6B019CDA19D398AF00E8B1E3 /* Images.xcassets in Resources */ = {isa = PBXBuildFile; fileRef = 6B019CD919D398AF00E8B1E3 /* Images.xcassets */; };
		6B019CDD19D398AF00E8B1E3 /* LaunchScreen.xib in Resources */ = {isa = PBXBuildFile; fileRef = 6B019CDB19D398AF00E8B1E3 /* LaunchScreen.xib */; };
		6B019CE919D398AF00E8B1E3 /* PhotoViewerTests.m in Sources */ = {isa = PBXBuildFile; fileRef = 6B019CE819D398AF00E8B1E3 /* PhotoViewerTests.m */; };
		6B019CF419D3A33C00E8B1E3 /* Photo.m in Sources */ = {isa = PBXBuildFile; fileRef = 6B019CF319D3A33C00E8B1E3 /* Photo.m */; };
		6B019CF719D3A5EB00E8B1E3 /* PhotosTableViewController.m in Sources */ = {isa = PBXBuildFile; fileRef = 6B019CF619D3A5EB00E8B1E3 /* PhotosTableViewController.m */; };
		6B019CFA19D3A65D00E8B1E3 /* DisplayViewController.m in Sources */ = {isa = PBXBuildFile; fileRef = 6B019CF919D3A65D00E8B1E3 /* DisplayViewController.m */; };
		6B019CFD19D3A6AE00E8B1E3 /* InfoViewController.m in Sources */ = {isa = PBXBuildFile; fileRef = 6B019CFC19D3A6AE00E8B1E3 /* InfoViewController.m */; };
/* End PBXBuildFile section */

/* Begin PBXContainerItemProxy section */
		6B019CE319D398AF00E8B1E3 /* PBXContainerItemProxy */ = {
			isa = PBXContainerItemProxy;
			containerPortal = 6B019CC119D398AF00E8B1E3 /* Project object */;
			proxyType = 1;
			remoteGlobalIDString = 6B019CC819D398AF00E8B1E3;
			remoteInfo = PhotoViewer;
		};
/* End PBXContainerItemProxy section */

/* Begin PBXFileReference section */
		6B019CC919D398AF00E8B1E3 /* PhotoViewer.app */ = {isa = PBXFileReference; explicitFileType = wrapper.application; includeInIndex = 0; path = PhotoViewer.app; sourceTree = BUILT_PRODUCTS_DIR; };
		6B019CCD19D398AF00E8B1E3 /* Info.plist */ = {isa = PBXFileReference; lastKnownFileType = text.plist.xml; path = Info.plist; sourceTree = "<group>"; };
		6B019CCE19D398AF00E8B1E3 /* main.m */ = {isa = PBXFileReference; lastKnownFileType = sourcecode.c.objc; path = main.m; sourceTree = "<group>"; };
		6B019CD019D398AF00E8B1E3 /* AppDelegate.h */ = {isa = PBXFileReference; lastKnownFileType = sourcecode.c.h; path = AppDelegate.h; sourceTree = "<group>"; };
		6B019CD119D398AF00E8B1E3 /* AppDelegate.m */ = {isa = PBXFileReference; lastKnownFileType = sourcecode.c.objc; path = AppDelegate.m; sourceTree = "<group>"; };
		6B019CD719D398AF00E8B1E3 /* Base */ = {isa = PBXFileReference; lastKnownFileType = file.storyboard; name = Base; path = Base.lproj/Main.storyboard; sourceTree = "<group>"; };
		6B019CD919D398AF00E8B1E3 /* Images.xcassets */ = {isa = PBXFileReference; lastKnownFileType = folder.assetcatalog; path = Images.xcassets; sourceTree = "<group>"; };
		6B019CDC19D398AF00E8B1E3 /* Base */ = {isa = PBXFileReference; lastKnownFileType = file.xib; name = Base; path = Base.lproj/LaunchScreen.xib; sourceTree = "<group>"; };
		6B019CE219D398AF00E8B1E3 /* PhotoViewerTests.xctest */ = {isa = PBXFileReference; explicitFileType = wrapper.cfbundle; includeInIndex = 0; path = PhotoViewerTests.xctest; sourceTree = BUILT_PRODUCTS_DIR; };
		6B019CE719D398AF00E8B1E3 /* Info.plist */ = {isa = PBXFileReference; lastKnownFileType = text.plist.xml; path = Info.plist; sourceTree = "<group>"; };
		6B019CE819D398AF00E8B1E3 /* PhotoViewerTests.m */ = {isa = PBXFileReference; lastKnownFileType = sourcecode.c.objc; path = PhotoViewerTests.m; sourceTree = "<group>"; };
		6B019CF219D3A33C00E8B1E3 /* Photo.h */ = {isa = PBXFileReference; fileEncoding = 4; lastKnownFileType = sourcecode.c.h; path = Photo.h; sourceTree = "<group>"; };
		6B019CF319D3A33C00E8B1E3 /* Photo.m */ = {isa = PBXFileReference; fileEncoding = 4; lastKnownFileType = sourcecode.c.objc; path = Photo.m; sourceTree = "<group>"; };
		6B019CF519D3A5EB00E8B1E3 /* PhotosTableViewController.h */ = {isa = PBXFileReference; fileEncoding = 4; lastKnownFileType = sourcecode.c.h; path = PhotosTableViewController.h; sourceTree = "<group>"; };
		6B019CF619D3A5EB00E8B1E3 /* PhotosTableViewController.m */ = {isa = PBXFileReference; fileEncoding = 4; lastKnownFileType = sourcecode.c.objc; path = PhotosTableViewController.m; sourceTree = "<group>"; };
		6B019CF819D3A65D00E8B1E3 /* DisplayViewController.h */ = {isa = PBXFileReference; fileEncoding = 4; lastKnownFileType = sourcecode.c.h; path = DisplayViewController.h; sourceTree = "<group>"; };
		6B019CF919D3A65D00E8B1E3 /* DisplayViewController.m */ = {isa = PBXFileReference; fileEncoding = 4; lastKnownFileType = sourcecode.c.objc; path = DisplayViewController.m; sourceTree = "<group>"; };
		6B019CFB19D3A6AE00E8B1E3 /* InfoViewController.h */ = {isa = PBXFileReference; fileEncoding = 4; lastKnownFileType = sourcecode.c.h; path = InfoViewController.h; sourceTree = "<group>"; };
		6B019CFC19D3A6AE00E8B1E3 /* InfoViewController.m */ = {isa = PBXFileReference; fileEncoding = 4; lastKnownFileType = sourcecode.c.objc; path = InfoViewController.m; sourceTree = "<group>"; };
/* End PBXFileReference section */

/* Begin PBXFrameworksBuildPhase section */
		6B019CC619D398AF00E8B1E3 /* Frameworks */ = {
			isa = PBXFrameworksBuildPhase;
			buildActionMask = 2147483647;
			files = (
			);
			runOnlyForDeploymentPostprocessing = 0;
		};
		6B019CDF19D398AF00E8B1E3 /* Frameworks */ = {
			isa = PBXFrameworksBuildPhase;
			buildActionMask = 2147483647;
			files = (
			);
			runOnlyForDeploymentPostprocessing = 0;
		};
/* End PBXFrameworksBuildPhase section */

/* Begin PBXGroup section */
		6B019CC019D398AF00E8B1E3 = {
			isa = PBXGroup;
			children = (
				6B019CCB19D398AF00E8B1E3 /* PhotoViewer */,
				6B019CE519D398AF00E8B1E3 /* PhotoViewerTests */,
				6B019CCA19D398AF00E8B1E3 /* Products */,
			);
			sourceTree = "<group>";
		};
		6B019CCA19D398AF00E8B1E3 /* Products */ = {
			isa = PBXGroup;
			children = (
				6B019CC919D398AF00E8B1E3 /* PhotoViewer.app */,
				6B019CE219D398AF00E8B1E3 /* PhotoViewerTests.xctest */,
			);
			name = Products;
			sourceTree = "<group>";
		};
		6B019CCB19D398AF00E8B1E3 /* PhotoViewer */ = {
			isa = PBXGroup;
			children = (
				6B019CD019D398AF00E8B1E3 /* AppDelegate.h */,
				6B019CD119D398AF00E8B1E3 /* AppDelegate.m */,
				6B019CD619D398AF00E8B1E3 /* Main.storyboard */,
				6B019CD919D398AF00E8B1E3 /* Images.xcassets */,
				6B019CDB19D398AF00E8B1E3 /* LaunchScreen.xib */,
				6B019CCC19D398AF00E8B1E3 /* Supporting Files */,
				6B019CF219D3A33C00E8B1E3 /* Photo.h */,
				6B019CF319D3A33C00E8B1E3 /* Photo.m */,
				6B019CF519D3A5EB00E8B1E3 /* PhotosTableViewController.h */,
				6B019CF619D3A5EB00E8B1E3 /* PhotosTableViewController.m */,
				6B019CF819D3A65D00E8B1E3 /* DisplayViewController.h */,
				6B019CF919D3A65D00E8B1E3 /* DisplayViewController.m */,
				6B019CFB19D3A6AE00E8B1E3 /* InfoViewController.h */,
				6B019CFC19D3A6AE00E8B1E3 /* InfoViewController.m */,
			);
			path = PhotoViewer;
			sourceTree = "<group>";
		};
		6B019CCC19D398AF00E8B1E3 /* Supporting Files */ = {
			isa = PBXGroup;
			children = (
				6B019CCD19D398AF00E8B1E3 /* Info.plist */,
				6B019CCE19D398AF00E8B1E3 /* main.m */,
			);
			name = "Supporting Files";
			sourceTree = "<group>";
		};
		6B019CE519D398AF00E8B1E3 /* PhotoViewerTests */ = {
			isa = PBXGroup;
			children = (
				6B019CE819D398AF00E8B1E3 /* PhotoViewerTests.m */,
				6B019CE619D398AF00E8B1E3 /* Supporting Files */,
			);
			path = PhotoViewerTests;
			sourceTree = "<group>";
		};
		6B019CE619D398AF00E8B1E3 /* Supporting Files */ = {
			isa = PBXGroup;
			children = (
				6B019CE719D398AF00E8B1E3 /* Info.plist */,
			);
			name = "Supporting Files";
			sourceTree = "<group>";
		};
/* End PBXGroup section */

/* Begin PBXNativeTarget section */
		6B019CC819D398AF00E8B1E3 /* PhotoViewer */ = {
			isa = PBXNativeTarget;
			buildConfigurationList = 6B019CEC19D398AF00E8B1E3 /* Build configuration list for PBXNativeTarget "PhotoViewer" */;
			buildPhases = (
				6B019CC519D398AF00E8B1E3 /* Sources */,
				6B019CC619D398AF00E8B1E3 /* Frameworks */,
				6B019CC719D398AF00E8B1E3 /* Resources */,
			);
			buildRules = (
			);
			dependencies = (
			);
			name = PhotoViewer;
			productName = PhotoViewer;
			productReference = 6B019CC919D398AF00E8B1E3 /* PhotoViewer.app */;
			productType = "com.apple.product-type.application";
		};
		6B019CE119D398AF00E8B1E3 /* PhotoViewerTests */ = {
			isa = PBXNativeTarget;
			buildConfigurationList = 6B019CEF19D398AF00E8B1E3 /* Build configuration list for PBXNativeTarget "PhotoViewerTests" */;
			buildPhases = (
				6B019CDE19D398AF00E8B1E3 /* Sources */,
				6B019CDF19D398AF00E8B1E3 /* Frameworks */,
				6B019CE019D398AF00E8B1E3 /* Resources */,
			);
			buildRules = (
			);
			dependencies = (
				6B019CE419D398AF00E8B1E3 /* PBXTargetDependency */,
			);
			name = PhotoViewerTests;
			productName = PhotoViewerTests;
			productReference = 6B019CE219D398AF00E8B1E3 /* PhotoViewerTests.xctest */;
			productType = "com.apple.product-type.bundle.unit-test";
		};
/* End PBXNativeTarget section */

/* Begin PBXProject section */
		6B019CC119D398AF00E8B1E3 /* Project object */ = {
			isa = PBXProject;
			attributes = {
				LastUpgradeCheck = 0600;
				ORGANIZATIONNAME = "Jeremy Wang";
				TargetAttributes = {
					6B019CC819D398AF00E8B1E3 = {
						CreatedOnToolsVersion = 6.0.1;
					};
					6B019CE119D398AF00E8B1E3 = {
						CreatedOnToolsVersion = 6.0.1;
						TestTargetID = 6B019CC819D398AF00E8B1E3;
					};
				};
			};
			buildConfigurationList = 6B019CC419D398AF00E8B1E3 /* Build configuration list for PBXProject "PhotoViewer" */;
			compatibilityVersion = "Xcode 3.2";
			developmentRegion = English;
			hasScannedForEncodings = 0;
			knownRegions = (
				en,
				Base,
			);
			mainGroup = 6B019CC019D398AF00E8B1E3;
			productRefGroup = 6B019CCA19D398AF00E8B1E3 /* Products */;
			projectDirPath = "";
			projectRoot = "";
			targets = (
				6B019CC819D398AF00E8B1E3 /* PhotoViewer */,
				6B019CE119D398AF00E8B1E3 /* PhotoViewerTests */,
			);
		};
/* End PBXProject section */

/* Begin PBXResourcesBuildPhase section */
		6B019CC719D398AF00E8B1E3 /* Resources */ = {
			isa = PBXResourcesBuildPhase;
			buildActionMask = 2147483647;
			files = (
				6B019CD819D398AF00E8B1E3 /* Main.storyboard in Resources */,
				6B019CDD19D398AF00E8B1E3 /* LaunchScreen.xib in Resources */,
				6B019CDA19D398AF00E8B1E3 /* Images.xcassets in Resources */,
			);
			runOnlyForDeploymentPostprocessing = 0;
		};
		6B019CE019D398AF00E8B1E3 /* Resources */ = {
			isa = PBXResourcesBuildPhase;
			buildActionMask = 2147483647;
			files = (
			);
			runOnlyForDeploymentPostprocessing = 0;
		};
/* End PBXResourcesBuildPhase section */

/* Begin PBXSourcesBuildPhase section */
		6B019CC519D398AF00E8B1E3 /* Sources */ = {
			isa = PBXSourcesBuildPhase;
			buildActionMask = 2147483647;
			files = (
				6B019CFA19D3A65D00E8B1E3 /* DisplayViewController.m in Sources */,
				6B019CF419D3A33C00E8B1E3 /* Photo.m in Sources */,
				6B019CFD19D3A6AE00E8B1E3 /* InfoViewController.m in Sources */,
				6B019CD219D398AF00E8B1E3 /* AppDelegate.m in Sources */,
				6B019CF719D3A5EB00E8B1E3 /* PhotosTableViewController.m in Sources */,
				6B019CCF19D398AF00E8B1E3 /* main.m in Sources */,
			);
			runOnlyForDeploymentPostprocessing = 0;
		};
		6B019CDE19D398AF00E8B1E3 /* Sources */ = {
			isa = PBXSourcesBuildPhase;
			buildActionMask = 2147483647;
			files = (
				6B019CE919D398AF00E8B1E3 /* PhotoViewerTests.m in Sources */,
			);
			runOnlyForDeploymentPostprocessing = 0;
		};
/* End PBXSourcesBuildPhase section */

/* Begin PBXTargetDependency section */
		6B019CE419D398AF00E8B1E3 /* PBXTargetDependency */ = {
			isa = PBXTargetDependency;
			target = 6B019CC819D398AF00E8B1E3 /* PhotoViewer */;
			targetProxy = 6B019CE319D398AF00E8B1E3 /* PBXContainerItemProxy */;
		};
/* End PBXTargetDependency section */

/* Begin PBXVariantGroup section */
		6B019CD619D398AF00E8B1E3 /* Main.storyboard */ = {
			isa = PBXVariantGroup;
			children = (
				6B019CD719D398AF00E8B1E3 /* Base */,
			);
			name = Main.storyboard;
			sourceTree = "<group>";
		};
		6B019CDB19D398AF00E8B1E3 /* LaunchScreen.xib */ = {
			isa = PBXVariantGroup;
			children = (
				6B019CDC19D398AF00E8B1E3 /* Base */,
			);
			name = LaunchScreen.xib;
			sourceTree = "<group>";
		};
/* End PBXVariantGroup section */

/* Begin XCBuildConfiguration section */
		6B019CEA19D398AF00E8B1E3 /* Debug */ = {
			isa = XCBuildConfiguration;
			buildSettings = {
				ALWAYS_SEARCH_USER_PATHS = NO;
				CLANG_CXX_LANGUAGE_STANDARD = "gnu++0x";
				CLANG_CXX_LIBRARY = "libc++";
				CLANG_ENABLE_MODULES = YES;
				CLANG_ENABLE_OBJC_ARC = YES;
				CLANG_WARN_BOOL_CONVERSION = YES;
				CLANG_WARN_CONSTANT_CONVERSION = YES;
				CLANG_WARN_DIRECT_OBJC_ISA_USAGE = YES_ERROR;
				CLANG_WARN_EMPTY_BODY = YES;
				CLANG_WARN_ENUM_CONVERSION = YES;
				CLANG_WARN_INT_CONVERSION = YES;
				CLANG_WARN_OBJC_ROOT_CLASS = YES_ERROR;
				CLANG_WARN_UNREACHABLE_CODE = YES;
				CLANG_WARN__DUPLICATE_METHOD_MATCH = YES;
				"CODE_SIGN_IDENTITY[sdk=iphoneos*]" = "iPhone Developer";
				COPY_PHASE_STRIP = NO;
				ENABLE_STRICT_OBJC_MSGSEND = YES;
				GCC_C_LANGUAGE_STANDARD = gnu99;
				GCC_DYNAMIC_NO_PIC = NO;
				GCC_OPTIMIZATION_LEVEL = 0;
				GCC_PREPROCESSOR_DEFINITIONS = (
					"DEBUG=1",
					"$(inherited)",
				);
				GCC_SYMBOLS_PRIVATE_EXTERN = NO;
				GCC_WARN_64_TO_32_BIT_CONVERSION = YES;
				GCC_WARN_ABOUT_RETURN_TYPE = YES_ERROR;
				GCC_WARN_UNDECLARED_SELECTOR = YES;
				GCC_WARN_UNINITIALIZED_AUTOS = YES_AGGRESSIVE;
				GCC_WARN_UNUSED_FUNCTION = YES;
				GCC_WARN_UNUSED_VARIABLE = YES;
				IPHONEOS_DEPLOYMENT_TARGET = 8.0;
				MTL_ENABLE_DEBUG_INFO = YES;
				ONLY_ACTIVE_ARCH = YES;
				SDKROOT = iphoneos;
			};
			name = Debug;
		};
		6B019CEB19D398AF00E8B1E3 /* Release */ = {
			isa = XCBuildConfiguration;
			buildSettings = {
				ALWAYS_SEARCH_USER_PATHS = NO;
				CLANG_CXX_LANGUAGE_STANDARD = "gnu++0x";
				CLANG_CXX_LIBRARY = "libc++";
				CLANG_ENABLE_MODULES = YES;
				CLANG_ENABLE_OBJC_ARC = YES;
				CLANG_WARN_BOOL_CONVERSION = YES;
				CLANG_WARN_CONSTANT_CONVERSION = YES;
				CLANG_WARN_DIRECT_OBJC_ISA_USAGE = YES_ERROR;
				CLANG_WARN_EMPTY_BODY = YES;
				CLANG_WARN_ENUM_CONVERSION = YES;
				CLANG_WARN_INT_CONVERSION = YES;
				CLANG_WARN_OBJC_ROOT_CLASS = YES_ERROR;
				CLANG_WARN_UNREACHABLE_CODE = YES;
				CLANG_WARN__DUPLICATE_METHOD_MATCH = YES;
				"CODE_SIGN_IDENTITY[sdk=iphoneos*]" = "iPhone Developer";
				COPY_PHASE_STRIP = YES;
				ENABLE_NS_ASSERTIONS = NO;
				ENABLE_STRICT_OBJC_MSGSEND = YES;
				GCC_C_LANGUAGE_STANDARD = gnu99;
				GCC_WARN_64_TO_32_BIT_CONVERSION = YES;
				GCC_WARN_ABOUT_RETURN_TYPE = YES_ERROR;
				GCC_WARN_UNDECLARED_SELECTOR = YES;
				GCC_WARN_UNINITIALIZED_AUTOS = YES_AGGRESSIVE;
				GCC_WARN_UNUSED_FUNCTION = YES;
				GCC_WARN_UNUSED_VARIABLE = YES;
				IPHONEOS_DEPLOYMENT_TARGET = 8.0;
				MTL_ENABLE_DEBUG_INFO = NO;
				SDKROOT = iphoneos;
				VALIDATE_PRODUCT = YES;
			};
			name = Release;
		};
		6B019CED19D398AF00E8B1E3 /* Debug */ = {
			isa = XCBuildConfiguration;
			buildSettings = {
				ASSETCATALOG_COMPILER_APPICON_NAME = AppIcon;
				INFOPLIST_FILE = PhotoViewer/Info.plist;
				LD_RUNPATH_SEARCH_PATHS = "$(inherited) @executable_path/Frameworks";
				PRODUCT_NAME = "$(TARGET_NAME)";
			};
			name = Debug;
		};
		6B019CEE19D398AF00E8B1E3 /* Release */ = {
			isa = XCBuildConfiguration;
			buildSettings = {
				ASSETCATALOG_COMPILER_APPICON_NAME = AppIcon;
				INFOPLIST_FILE = PhotoViewer/Info.plist;
				LD_RUNPATH_SEARCH_PATHS = "$(inherited) @executable_path/Frameworks";
				PRODUCT_NAME = "$(TARGET_NAME)";
			};
			name = Release;
		};
		6B019CF019D398AF00E8B1E3 /* Debug */ = {
			isa = XCBuildConfiguration;
			buildSettings = {
				BUNDLE_LOADER = "$(TEST_HOST)";
				FRAMEWORK_SEARCH_PATHS = (
					"$(SDKROOT)/Developer/Library/Frameworks",
					"$(inherited)",
				);
				GCC_PREPROCESSOR_DEFINITIONS = (
					"DEBUG=1",
					"$(inherited)",
				);
				INFOPLIST_FILE = PhotoViewerTests/Info.plist;
				LD_RUNPATH_SEARCH_PATHS = "$(inherited) @executable_path/Frameworks @loader_path/Frameworks";
				PRODUCT_NAME = "$(TARGET_NAME)";
				TEST_HOST = "$(BUILT_PRODUCTS_DIR)/PhotoViewer.app/PhotoViewer";
			};
			name = Debug;
		};
		6B019CF119D398AF00E8B1E3 /* Release */ = {
			isa = XCBuildConfiguration;
			buildSettings = {
				BUNDLE_LOADER = "$(TEST_HOST)";
				FRAMEWORK_SEARCH_PATHS = (
					"$(SDKROOT)/Developer/Library/Frameworks",
					"$(inherited)",
				);
				INFOPLIST_FILE = PhotoViewerTests/Info.plist;
				LD_RUNPATH_SEARCH_PATHS = "$(inherited) @executable_path/Frameworks @loader_path/Frameworks";
				PRODUCT_NAME = "$(TARGET_NAME)";
				TEST_HOST = "$(BUILT_PRODUCTS_DIR)/PhotoViewer.app/PhotoViewer";
			};
			name = Release;
		};
/* End XCBuildConfiguration section */

/* Begin XCConfigurationList section */
		6B019CC419D398AF00E8B1E3 /* Build configuration list for PBXProject "PhotoViewer" */ = {
			isa = XCConfigurationList;
			buildConfigurations = (
				6B019CEA19D398AF00E8B1E3 /* Debug */,
				6B019CEB19D398AF00E8B1E3 /* Release */,
			);
			defaultConfigurationIsVisible = 0;
			defaultConfigurationName = Release;
		};
		6B019CEC19D398AF00E8B1E3 /* Build configuration list for PBXNativeTarget "PhotoViewer" */ = {
			isa = XCConfigurationList;
			buildConfigurations = (
				6B019CED19D398AF00E8B1E3 /* Debug */,
				6B019CEE19D398AF00E8B1E3 /* Release */,
			);
			defaultConfigurationIsVisible = 0;
		};
		6B019CEF19D398AF00E8B1E3 /* Build configuration list for PBXNativeTarget "PhotoViewerTests" */ = {
			isa = XCConfigurationList;
			buildConfigurations = (
				6B019CF019D398AF00E8B1E3 /* Debug */,
				6B019CF119D398AF00E8B1E3 /* Release */,
			);
			defaultConfigurationIsVisible = 0;
		};
/* End XCConfigurationList section */
	};
	rootObject = 6B019CC119D398AF00E8B1E3 /* Project object */;
}
