// !$*UTF8*$!
{
	archiveVersion = 1;
	classes = {
	};
	objectVersion = 46;
	objects = {

/* Begin PBXBuildFile section */
		A9507B901A0B0B64003E1B2A /* main.m in Sources */ = {isa = PBXBuildFile; fileRef = A9507B8F1A0B0B64003E1B2A /* main.m */; };
		A9507B931A0B0B64003E1B2A /* AppDelegate.m in Sources */ = {isa = PBXBuildFile; fileRef = A9507B921A0B0B64003E1B2A /* AppDelegate.m */; };
		A9507B961A0B0B64003E1B2A /* FirstViewController.m in Sources */ = {isa = PBXBuildFile; fileRef = A9507B951A0B0B64003E1B2A /* FirstViewController.m */; };
		A9507B991A0B0B64003E1B2A /* SecondViewController.m in Sources */ = {isa = PBXBuildFile; fileRef = A9507B981A0B0B64003E1B2A /* SecondViewController.m */; };
		A9507B9C1A0B0B64003E1B2A /* Main.storyboard in Resources */ = {isa = PBXBuildFile; fileRef = A9507B9A1A0B0B64003E1B2A /* Main.storyboard */; };
		A9507B9E1A0B0B64003E1B2A /* Images.xcassets in Resources */ = {isa = PBXBuildFile; fileRef = A9507B9D1A0B0B64003E1B2A /* Images.xcassets */; };
		A9507BA11A0B0B65003E1B2A /* LaunchScreen.xib in Resources */ = {isa = PBXBuildFile; fileRef = A9507B9F1A0B0B65003E1B2A /* LaunchScreen.xib */; };
		A9507BAD1A0B0B65003E1B2A /* AdvancedUIControlsTests.m in Sources */ = {isa = PBXBuildFile; fileRef = A9507BAC1A0B0B65003E1B2A /* AdvancedUIControlsTests.m */; };
/* End PBXBuildFile section */

/* Begin PBXContainerItemProxy section */
		A9507BA71A0B0B65003E1B2A /* PBXContainerItemProxy */ = {
			isa = PBXContainerItemProxy;
			containerPortal = A9507B821A0B0B64003E1B2A /* Project object */;
			proxyType = 1;
			remoteGlobalIDString = A9507B891A0B0B64003E1B2A;
			remoteInfo = AdvancedUIControls;
		};
/* End PBXContainerItemProxy section */

/* Begin PBXFileReference section */
		A9507B8A1A0B0B64003E1B2A /* AdvancedUIControls.app */ = {isa = PBXFileReference; explicitFileType = wrapper.application; includeInIndex = 0; path = AdvancedUIControls.app; sourceTree = BUILT_PRODUCTS_DIR; };
		A9507B8E1A0B0B64003E1B2A /* Info.plist */ = {isa = PBXFileReference; lastKnownFileType = text.plist.xml; path = Info.plist; sourceTree = "<group>"; };
		A9507B8F1A0B0B64003E1B2A /* main.m */ = {isa = PBXFileReference; lastKnownFileType = sourcecode.c.objc; path = main.m; sourceTree = "<group>"; };
		A9507B911A0B0B64003E1B2A /* AppDelegate.h */ = {isa = PBXFileReference; lastKnownFileType = sourcecode.c.h; path = AppDelegate.h; sourceTree = "<group>"; };
		A9507B921A0B0B64003E1B2A /* AppDelegate.m */ = {isa = PBXFileReference; lastKnownFileType = sourcecode.c.objc; path = AppDelegate.m; sourceTree = "<group>"; };
		A9507B941A0B0B64003E1B2A /* FirstViewController.h */ = {isa = PBXFileReference; lastKnownFileType = sourcecode.c.h; path = FirstViewController.h; sourceTree = "<group>"; };
		A9507B951A0B0B64003E1B2A /* FirstViewController.m */ = {isa = PBXFileReference; lastKnownFileType = sourcecode.c.objc; path = FirstViewController.m; sourceTree = "<group>"; };
		A9507B971A0B0B64003E1B2A /* SecondViewController.h */ = {isa = PBXFileReference; lastKnownFileType = sourcecode.c.h; path = SecondViewController.h; sourceTree = "<group>"; };
		A9507B981A0B0B64003E1B2A /* SecondViewController.m */ = {isa = PBXFileReference; lastKnownFileType = sourcecode.c.objc; path = SecondViewController.m; sourceTree = "<group>"; };
		A9507B9B1A0B0B64003E1B2A /* Base */ = {isa = PBXFileReference; lastKnownFileType = file.storyboard; name = Base; path = Base.lproj/Main.storyboard; sourceTree = "<group>"; };
		A9507B9D1A0B0B64003E1B2A /* Images.xcassets */ = {isa = PBXFileReference; lastKnownFileType = folder.assetcatalog; path = Images.xcassets; sourceTree = "<group>"; };
		A9507BA01A0B0B65003E1B2A /* Base */ = {isa = PBXFileReference; lastKnownFileType = file.xib; name = Base; path = Base.lproj/LaunchScreen.xib; sourceTree = "<group>"; };
		A9507BA61A0B0B65003E1B2A /* AdvancedUIControlsTests.xctest */ = {isa = PBXFileReference; explicitFileType = wrapper.cfbundle; includeInIndex = 0; path = AdvancedUIControlsTests.xctest; sourceTree = BUILT_PRODUCTS_DIR; };
		A9507BAB1A0B0B65003E1B2A /* Info.plist */ = {isa = PBXFileReference; lastKnownFileType = text.plist.xml; path = Info.plist; sourceTree = "<group>"; };
		A9507BAC1A0B0B65003E1B2A /* AdvancedUIControlsTests.m */ = {isa = PBXFileReference; lastKnownFileType = sourcecode.c.objc; path = AdvancedUIControlsTests.m; sourceTree = "<group>"; };
/* End PBXFileReference section */

/* Begin PBXFrameworksBuildPhase section */
		A9507B871A0B0B64003E1B2A /* Frameworks */ = {
			isa = PBXFrameworksBuildPhase;
			buildActionMask = 2147483647;
			files = (
			);
			runOnlyForDeploymentPostprocessing = 0;
		};
		A9507BA31A0B0B65003E1B2A /* Frameworks */ = {
			isa = PBXFrameworksBuildPhase;
			buildActionMask = 2147483647;
			files = (
			);
			runOnlyForDeploymentPostprocessing = 0;
		};
/* End PBXFrameworksBuildPhase section */

/* Begin PBXGroup section */
		A9507B811A0B0B64003E1B2A = {
			isa = PBXGroup;
			children = (
				A9507B8C1A0B0B64003E1B2A /* AdvancedUIControls */,
				A9507BA91A0B0B65003E1B2A /* AdvancedUIControlsTests */,
				A9507B8B1A0B0B64003E1B2A /* Products */,
			);
			sourceTree = "<group>";
		};
		A9507B8B1A0B0B64003E1B2A /* Products */ = {
			isa = PBXGroup;
			children = (
				A9507B8A1A0B0B64003E1B2A /* AdvancedUIControls.app */,
				A9507BA61A0B0B65003E1B2A /* AdvancedUIControlsTests.xctest */,
			);
			name = Products;
			sourceTree = "<group>";
		};
		A9507B8C1A0B0B64003E1B2A /* AdvancedUIControls */ = {
			isa = PBXGroup;
			children = (
				A9507B911A0B0B64003E1B2A /* AppDelegate.h */,
				A9507B921A0B0B64003E1B2A /* AppDelegate.m */,
				A9507B941A0B0B64003E1B2A /* FirstViewController.h */,
				A9507B951A0B0B64003E1B2A /* FirstViewController.m */,
				A9507B971A0B0B64003E1B2A /* SecondViewController.h */,
				A9507B981A0B0B64003E1B2A /* SecondViewController.m */,
				A9507B9A1A0B0B64003E1B2A /* Main.storyboard */,
				A9507B9D1A0B0B64003E1B2A /* Images.xcassets */,
				A9507B9F1A0B0B65003E1B2A /* LaunchScreen.xib */,
				A9507B8D1A0B0B64003E1B2A /* Supporting Files */,
			);
			path = AdvancedUIControls;
			sourceTree = "<group>";
		};
		A9507B8D1A0B0B64003E1B2A /* Supporting Files */ = {
			isa = PBXGroup;
			children = (
				A9507B8E1A0B0B64003E1B2A /* Info.plist */,
				A9507B8F1A0B0B64003E1B2A /* main.m */,
			);
			name = "Supporting Files";
			sourceTree = "<group>";
		};
		A9507BA91A0B0B65003E1B2A /* AdvancedUIControlsTests */ = {
			isa = PBXGroup;
			children = (
				A9507BAC1A0B0B65003E1B2A /* AdvancedUIControlsTests.m */,
				A9507BAA1A0B0B65003E1B2A /* Supporting Files */,
			);
			path = AdvancedUIControlsTests;
			sourceTree = "<group>";
		};
		A9507BAA1A0B0B65003E1B2A /* Supporting Files */ = {
			isa = PBXGroup;
			children = (
				A9507BAB1A0B0B65003E1B2A /* Info.plist */,
			);
			name = "Supporting Files";
			sourceTree = "<group>";
		};
/* End PBXGroup section */

/* Begin PBXNativeTarget section */
		A9507B891A0B0B64003E1B2A /* AdvancedUIControls */ = {
			isa = PBXNativeTarget;
			buildConfigurationList = A9507BB01A0B0B65003E1B2A /* Build configuration list for PBXNativeTarget "AdvancedUIControls" */;
			buildPhases = (
				A9507B861A0B0B64003E1B2A /* Sources */,
				A9507B871A0B0B64003E1B2A /* Frameworks */,
				A9507B881A0B0B64003E1B2A /* Resources */,
			);
			buildRules = (
			);
			dependencies = (
			);
			name = AdvancedUIControls;
			productName = AdvancedUIControls;
			productReference = A9507B8A1A0B0B64003E1B2A /* AdvancedUIControls.app */;
			productType = "com.apple.product-type.application";
		};
		A9507BA51A0B0B65003E1B2A /* AdvancedUIControlsTests */ = {
			isa = PBXNativeTarget;
			buildConfigurationList = A9507BB31A0B0B65003E1B2A /* Build configuration list for PBXNativeTarget "AdvancedUIControlsTests" */;
			buildPhases = (
				A9507BA21A0B0B65003E1B2A /* Sources */,
				A9507BA31A0B0B65003E1B2A /* Frameworks */,
				A9507BA41A0B0B65003E1B2A /* Resources */,
			);
			buildRules = (
			);
			dependencies = (
				A9507BA81A0B0B65003E1B2A /* PBXTargetDependency */,
			);
			name = AdvancedUIControlsTests;
			productName = AdvancedUIControlsTests;
			productReference = A9507BA61A0B0B65003E1B2A /* AdvancedUIControlsTests.xctest */;
			productType = "com.apple.product-type.bundle.unit-test";
		};
/* End PBXNativeTarget section */

/* Begin PBXProject section */
		A9507B821A0B0B64003E1B2A /* Project object */ = {
			isa = PBXProject;
			attributes = {
				LastUpgradeCheck = 0600;
				ORGANIZATIONNAME = "Nicholas Miller";
				TargetAttributes = {
					A9507B891A0B0B64003E1B2A = {
						CreatedOnToolsVersion = 6.0.1;
					};
					A9507BA51A0B0B65003E1B2A = {
						CreatedOnToolsVersion = 6.0.1;
						TestTargetID = A9507B891A0B0B64003E1B2A;
					};
				};
			};
			buildConfigurationList = A9507B851A0B0B64003E1B2A /* Build configuration list for PBXProject "AdvancedUIControls" */;
			compatibilityVersion = "Xcode 3.2";
			developmentRegion = English;
			hasScannedForEncodings = 0;
			knownRegions = (
				en,
				Base,
			);
			mainGroup = A9507B811A0B0B64003E1B2A;
			productRefGroup = A9507B8B1A0B0B64003E1B2A /* Products */;
			projectDirPath = "";
			projectRoot = "";
			targets = (
				A9507B891A0B0B64003E1B2A /* AdvancedUIControls */,
				A9507BA51A0B0B65003E1B2A /* AdvancedUIControlsTests */,
			);
		};
/* End PBXProject section */

/* Begin PBXResourcesBuildPhase section */
		A9507B881A0B0B64003E1B2A /* Resources */ = {
			isa = PBXResourcesBuildPhase;
			buildActionMask = 2147483647;
			files = (
				A9507B9C1A0B0B64003E1B2A /* Main.storyboard in Resources */,
				A9507BA11A0B0B65003E1B2A /* LaunchScreen.xib in Resources */,
				A9507B9E1A0B0B64003E1B2A /* Images.xcassets in Resources */,
			);
			runOnlyForDeploymentPostprocessing = 0;
		};
		A9507BA41A0B0B65003E1B2A /* Resources */ = {
			isa = PBXResourcesBuildPhase;
			buildActionMask = 2147483647;
			files = (
			);
			runOnlyForDeploymentPostprocessing = 0;
		};
/* End PBXResourcesBuildPhase section */

/* Begin PBXSourcesBuildPhase section */
		A9507B861A0B0B64003E1B2A /* Sources */ = {
			isa = PBXSourcesBuildPhase;
			buildActionMask = 2147483647;
			files = (
				A9507B991A0B0B64003E1B2A /* SecondViewController.m in Sources */,
				A9507B931A0B0B64003E1B2A /* AppDelegate.m in Sources */,
				A9507B961A0B0B64003E1B2A /* FirstViewController.m in Sources */,
				A9507B901A0B0B64003E1B2A /* main.m in Sources */,
			);
			runOnlyForDeploymentPostprocessing = 0;
		};
		A9507BA21A0B0B65003E1B2A /* Sources */ = {
			isa = PBXSourcesBuildPhase;
			buildActionMask = 2147483647;
			files = (
				A9507BAD1A0B0B65003E1B2A /* AdvancedUIControlsTests.m in Sources */,
			);
			runOnlyForDeploymentPostprocessing = 0;
		};
/* End PBXSourcesBuildPhase section */

/* Begin PBXTargetDependency section */
		A9507BA81A0B0B65003E1B2A /* PBXTargetDependency */ = {
			isa = PBXTargetDependency;
			target = A9507B891A0B0B64003E1B2A /* AdvancedUIControls */;
			targetProxy = A9507BA71A0B0B65003E1B2A /* PBXContainerItemProxy */;
		};
/* End PBXTargetDependency section */

/* Begin PBXVariantGroup section */
		A9507B9A1A0B0B64003E1B2A /* Main.storyboard */ = {
			isa = PBXVariantGroup;
			children = (
				A9507B9B1A0B0B64003E1B2A /* Base */,
			);
			name = Main.storyboard;
			sourceTree = "<group>";
		};
		A9507B9F1A0B0B65003E1B2A /* LaunchScreen.xib */ = {
			isa = PBXVariantGroup;
			children = (
				A9507BA01A0B0B65003E1B2A /* Base */,
			);
			name = LaunchScreen.xib;
			sourceTree = "<group>";
		};
/* End PBXVariantGroup section */

/* Begin XCBuildConfiguration section */
		A9507BAE1A0B0B65003E1B2A /* Debug */ = {
			isa = XCBuildConfiguration;
			buildSettings = {
				ALWAYS_SEARCH_USER_PATHS = NO;
				CLANG_CXX_LANGUAGE_STANDARD = "gnu++0x";
				CLANG_CXX_LIBRARY = "libc++";
				CLANG_ENABLE_MODULES = YES;
				CLANG_ENABLE_OBJC_ARC = YES;
				CLANG_WARN_BOOL_CONVERSION = YES;
				CLANG_WARN_CONSTANT_CONVERSION = YES;
				CLANG_WARN_DIRECT_OBJC_ISA_USAGE = YES_ERROR;
				CLANG_WARN_EMPTY_BODY = YES;
				CLANG_WARN_ENUM_CONVERSION = YES;
				CLANG_WARN_INT_CONVERSION = YES;
				CLANG_WARN_OBJC_ROOT_CLASS = YES_ERROR;
				CLANG_WARN_UNREACHABLE_CODE = YES;
				CLANG_WARN__DUPLICATE_METHOD_MATCH = YES;
				"CODE_SIGN_IDENTITY[sdk=iphoneos*]" = "iPhone Developer";
				COPY_PHASE_STRIP = NO;
				ENABLE_STRICT_OBJC_MSGSEND = YES;
				GCC_C_LANGUAGE_STANDARD = gnu99;
				GCC_DYNAMIC_NO_PIC = NO;
				GCC_OPTIMIZATION_LEVEL = 0;
				GCC_PREPROCESSOR_DEFINITIONS = (
					"DEBUG=1",
					"$(inherited)",
				);
				GCC_SYMBOLS_PRIVATE_EXTERN = NO;
				GCC_WARN_64_TO_32_BIT_CONVERSION = YES;
				GCC_WARN_ABOUT_RETURN_TYPE = YES_ERROR;
				GCC_WARN_UNDECLARED_SELECTOR = YES;
				GCC_WARN_UNINITIALIZED_AUTOS = YES_AGGRESSIVE;
				GCC_WARN_UNUSED_FUNCTION = YES;
				GCC_WARN_UNUSED_VARIABLE = YES;
				IPHONEOS_DEPLOYMENT_TARGET = 8.0;
				MTL_ENABLE_DEBUG_INFO = YES;
				ONLY_ACTIVE_ARCH = YES;
				SDKROOT = iphoneos;
				TARGETED_DEVICE_FAMILY = "1,2";
			};
			name = Debug;
		};
		A9507BAF1A0B0B65003E1B2A /* Release */ = {
			isa = XCBuildConfiguration;
			buildSettings = {
				ALWAYS_SEARCH_USER_PATHS = NO;
				CLANG_CXX_LANGUAGE_STANDARD = "gnu++0x";
				CLANG_CXX_LIBRARY = "libc++";
				CLANG_ENABLE_MODULES = YES;
				CLANG_ENABLE_OBJC_ARC = YES;
				CLANG_WARN_BOOL_CONVERSION = YES;
				CLANG_WARN_CONSTANT_CONVERSION = YES;
				CLANG_WARN_DIRECT_OBJC_ISA_USAGE = YES_ERROR;
				CLANG_WARN_EMPTY_BODY = YES;
				CLANG_WARN_ENUM_CONVERSION = YES;
				CLANG_WARN_INT_CONVERSION = YES;
				CLANG_WARN_OBJC_ROOT_CLASS = YES_ERROR;
				CLANG_WARN_UNREACHABLE_CODE = YES;
				CLANG_WARN__DUPLICATE_METHOD_MATCH = YES;
				"CODE_SIGN_IDENTITY[sdk=iphoneos*]" = "iPhone Developer";
				COPY_PHASE_STRIP = YES;
				ENABLE_NS_ASSERTIONS = NO;
				ENABLE_STRICT_OBJC_MSGSEND = YES;
				GCC_C_LANGUAGE_STANDARD = gnu99;
				GCC_WARN_64_TO_32_BIT_CONVERSION = YES;
				GCC_WARN_ABOUT_RETURN_TYPE = YES_ERROR;
				GCC_WARN_UNDECLARED_SELECTOR = YES;
				GCC_WARN_UNINITIALIZED_AUTOS = YES_AGGRESSIVE;
				GCC_WARN_UNUSED_FUNCTION = YES;
				GCC_WARN_UNUSED_VARIABLE = YES;
				IPHONEOS_DEPLOYMENT_TARGET = 8.0;
				MTL_ENABLE_DEBUG_INFO = NO;
				SDKROOT = iphoneos;
				TARGETED_DEVICE_FAMILY = "1,2";
				VALIDATE_PRODUCT = YES;
			};
			name = Release;
		};
		A9507BB11A0B0B65003E1B2A /* Debug */ = {
			isa = XCBuildConfiguration;
			buildSettings = {
				ASSETCATALOG_COMPILER_APPICON_NAME = AppIcon;
				INFOPLIST_FILE = AdvancedUIControls/Info.plist;
				LD_RUNPATH_SEARCH_PATHS = "$(inherited) @executable_path/Frameworks";
				PRODUCT_NAME = "$(TARGET_NAME)";
			};
			name = Debug;
		};
		A9507BB21A0B0B65003E1B2A /* Release */ = {
			isa = XCBuildConfiguration;
			buildSettings = {
				ASSETCATALOG_COMPILER_APPICON_NAME = AppIcon;
				INFOPLIST_FILE = AdvancedUIControls/Info.plist;
				LD_RUNPATH_SEARCH_PATHS = "$(inherited) @executable_path/Frameworks";
				PRODUCT_NAME = "$(TARGET_NAME)";
			};
			name = Release;
		};
		A9507BB41A0B0B65003E1B2A /* Debug */ = {
			isa = XCBuildConfiguration;
			buildSettings = {
				BUNDLE_LOADER = "$(TEST_HOST)";
				FRAMEWORK_SEARCH_PATHS = (
					"$(SDKROOT)/Developer/Library/Frameworks",
					"$(inherited)",
				);
				GCC_PREPROCESSOR_DEFINITIONS = (
					"DEBUG=1",
					"$(inherited)",
				);
				INFOPLIST_FILE = AdvancedUIControlsTests/Info.plist;
				LD_RUNPATH_SEARCH_PATHS = "$(inherited) @executable_path/Frameworks @loader_path/Frameworks";
				PRODUCT_NAME = "$(TARGET_NAME)";
				TEST_HOST = "$(BUILT_PRODUCTS_DIR)/AdvancedUIControls.app/AdvancedUIControls";
			};
			name = Debug;
		};
		A9507BB51A0B0B65003E1B2A /* Release */ = {
			isa = XCBuildConfiguration;
			buildSettings = {
				BUNDLE_LOADER = "$(TEST_HOST)";
				FRAMEWORK_SEARCH_PATHS = (
					"$(SDKROOT)/Developer/Library/Frameworks",
					"$(inherited)",
				);
				INFOPLIST_FILE = AdvancedUIControlsTests/Info.plist;
				LD_RUNPATH_SEARCH_PATHS = "$(inherited) @executable_path/Frameworks @loader_path/Frameworks";
				PRODUCT_NAME = "$(TARGET_NAME)";
				TEST_HOST = "$(BUILT_PRODUCTS_DIR)/AdvancedUIControls.app/AdvancedUIControls";
			};
			name = Release;
		};
/* End XCBuildConfiguration section */

/* Begin XCConfigurationList section */
		A9507B851A0B0B64003E1B2A /* Build configuration list for PBXProject "AdvancedUIControls" */ = {
			isa = XCConfigurationList;
			buildConfigurations = (
				A9507BAE1A0B0B65003E1B2A /* Debug */,
				A9507BAF1A0B0B65003E1B2A /* Release */,
			);
			defaultConfigurationIsVisible = 0;
			defaultConfigurationName = Release;
		};
		A9507BB01A0B0B65003E1B2A /* Build configuration list for PBXNativeTarget "AdvancedUIControls" */ = {
			isa = XCConfigurationList;
			buildConfigurations = (
				A9507BB11A0B0B65003E1B2A /* Debug */,
				A9507BB21A0B0B65003E1B2A /* Release */,
			);
			defaultConfigurationIsVisible = 0;
		};
		A9507BB31A0B0B65003E1B2A /* Build configuration list for PBXNativeTarget "AdvancedUIControlsTests" */ = {
			isa = XCConfigurationList;
			buildConfigurations = (
				A9507BB41A0B0B65003E1B2A /* Debug */,
				A9507BB51A0B0B65003E1B2A /* Release */,
			);
			defaultConfigurationIsVisible = 0;
		};
/* End XCConfigurationList section */
	};
	rootObject = A9507B821A0B0B64003E1B2A /* Project object */;
}
